Microsoft Visual Studio Solution File, Format Version 12.00
# Visual Studio Version 17
VisualStudioVersion = 17.13.35919.96
MinimumVisualStudioVersion = 10.0.40219.1
Project("{FAE04EC0-301F-11D3-BF4B-00C04F79EFBC}") = "Tictactoe", "Tictactoe\Tictactoe.csproj", "{310F66F7-EC7D-4DF4-AB6D-2CB42014A95F}"
EndProject
Global
	GlobalSection(SolutionConfigurationPlatforms) = preSolution
		Debug|Any CPU = Debug|Any CPU
		Release|Any CPU = Release|Any CPU
	EndGlobalSection
	GlobalSection(ProjectConfigurationPlatforms) = postSolution
		{310F66F7-EC7D-4DF4-AB6D-2CB42014A95F}.Debug|Any CPU.ActiveCfg = Debug|Any CPU
		{310F66F7-EC7D-4DF4-AB6D-2CB42014A95F}.Debug|Any CPU.Build.0 = Debug|Any CPU
		{310F66F7-EC7D-4DF4-AB6D-2CB42014A95F}.Release|Any CPU.ActiveCfg = Release|Any CPU
		{310F66F7-EC7D-4DF4-AB6D-2CB42014A95F}.Release|Any CPU.Build.0 = Release|Any CPU
	EndGlobalSection
	GlobalSection(SolutionProperties) = preSolution
		HideSolutionNode = FALSE
	EndGlobalSection
	GlobalSection(ExtensibilityGlobals) = postSolution
		SolutionGuid = {47AA5DDE-9D6D-455E-AFCA-7B1C6AF17301}
	EndGlobalSection
EndGlobal
